
Microsoft Visual Studio Solution File, Format Version 12.00
# Visual Studio Version 16
VisualStudioVersion = 16.0.32002.261
MinimumVisualStudioVersion = 10.0.40219.1
Project("{8BC9CEB8-8B4A-11D0-8D11-00A0C91BC942}") = "Шаблон для дека", "Шаблон для дека\Шаблон для дека.vcxproj", "{24496305-461D-4AB2-8F53-4448C26356D1}"
EndProject
Global
	GlobalSection(SolutionConfigurationPlatforms) = preSolution
		Debug|x64 = Debug|x64
		Debug|x86 = Debug|x86
		Release|x64 = Release|x64
		Release|x86 = Release|x86
	EndGlobalSection
	GlobalSection(ProjectConfigurationPlatforms) = postSolution
		{24496305-461D-4AB2-8F53-4448C26356D1}.Debug|x64.ActiveCfg = Debug|x64
		{24496305-461D-4AB2-8F53-4448C26356D1}.Debug|x64.Build.0 = Debug|x64
		{24496305-461D-4AB2-8F53-4448C26356D1}.Debug|x86.ActiveCfg = Debug|Win32
		{24496305-461D-4AB2-8F53-4448C26356D1}.Debug|x86.Build.0 = Debug|Win32
		{24496305-461D-4AB2-8F53-4448C26356D1}.Release|x64.ActiveCfg = Release|x64
		{24496305-461D-4AB2-8F53-4448C26356D1}.Release|x64.Build.0 = Release|x64
		{24496305-461D-4AB2-8F53-4448C26356D1}.Release|x86.ActiveCfg = Release|Win32
		{24496305-461D-4AB2-8F53-4448C26356D1}.Release|x86.Build.0 = Release|Win32
	EndGlobalSection
	GlobalSection(SolutionProperties) = preSolution
		HideSolutionNode = FALSE
	EndGlobalSection
	GlobalSection(ExtensibilityGlobals) = postSolution
		SolutionGuid = {5D25CC1C-0473-4FE9-BF83-50207BD0ADF1}
	EndGlobalSection
EndGlobal
